
Microsoft Visual Studio Solution File, Format Version 12.00
# Visual Studio Version 17
VisualStudioVersion = 17.7.34031.279
MinimumVisualStudioVersion = 10.0.40219.1
Project("{8BC9CEB8-8B4A-11D0-8D11-00A0C91BC942}") = "ConsoleApplication1", "ConsoleApplication1\ConsoleApplication1.vcxproj", "{66B7AC54-EFFA-4F63-91C5-8D8975492044}"
EndProject
Project("{8BC9CEB8-8B4A-11D0-8D11-00A0C91BC942}") = "dmsLib", "dmsLib\dmsLib.vcxproj", "{1679706D-3F81-4AAA-915A-82C169A0D7A3}"
EndProject
Global
	GlobalSection(SolutionConfigurationPlatforms) = preSolution
		Debug|x64 = Debug|x64
		Debug|x86 = Debug|x86
		Release|x64 = Release|x64
		Release|x86 = Release|x86
	EndGlobalSection
	GlobalSection(ProjectConfigurationPlatforms) = postSolution
		{66B7AC54-EFFA-4F63-91C5-8D8975492044}.Debug|x64.ActiveCfg = Debug|x64
		{66B7AC54-EFFA-4F63-91C5-8D8975492044}.Debug|x64.Build.0 = Debug|x64
		{66B7AC54-EFFA-4F63-91C5-8D8975492044}.Debug|x86.ActiveCfg = Debug|Win32
		{66B7AC54-EFFA-4F63-91C5-8D8975492044}.Debug|x86.Build.0 = Debug|Win32
		{66B7AC54-EFFA-4F63-91C5-8D8975492044}.Release|x64.ActiveCfg = Release|x64
		{66B7AC54-EFFA-4F63-91C5-8D8975492044}.Release|x64.Build.0 = Release|x64
		{66B7AC54-EFFA-4F63-91C5-8D8975492044}.Release|x86.ActiveCfg = Release|Win32
		{66B7AC54-EFFA-4F63-91C5-8D8975492044}.Release|x86.Build.0 = Release|Win32
		{1679706D-3F81-4AAA-915A-82C169A0D7A3}.Debug|x64.ActiveCfg = Debug|x64
		{1679706D-3F81-4AAA-915A-82C169A0D7A3}.Debug|x64.Build.0 = Debug|x64
		{1679706D-3F81-4AAA-915A-82C169A0D7A3}.Debug|x86.ActiveCfg = Debug|Win32
		{1679706D-3F81-4AAA-915A-82C169A0D7A3}.Debug|x86.Build.0 = Debug|Win32
		{1679706D-3F81-4AAA-915A-82C169A0D7A3}.Release|x64.ActiveCfg = Release|x64
		{1679706D-3F81-4AAA-915A-82C169A0D7A3}.Release|x64.Build.0 = Release|x64
		{1679706D-3F81-4AAA-915A-82C169A0D7A3}.Release|x86.ActiveCfg = Release|Win32
		{1679706D-3F81-4AAA-915A-82C169A0D7A3}.Release|x86.Build.0 = Release|Win32
	EndGlobalSection
	GlobalSection(SolutionProperties) = preSolution
		HideSolutionNode = FALSE
	EndGlobalSection
	GlobalSection(ExtensibilityGlobals) = postSolution
		SolutionGuid = {E0BA4712-1752-448C-B82F-F281A239863D}
	EndGlobalSection
EndGlobal
